// !$*UTF8*$!
{
	archiveVersion = 1;
	classes = {
	};
	objectVersion = 50;
	objects = {

/* Begin PBXBuildFile section */
		66ADEE03260BBDD200A7A866 /* AppDelegate.swift in Sources */ = {isa = PBXBuildFile; fileRef = 66ADEE02260BBDD200A7A866 /* AppDelegate.swift */; };
		66ADEE05260BBDD200A7A866 /* SceneDelegate.swift in Sources */ = {isa = PBXBuildFile; fileRef = 66ADEE04260BBDD200A7A866 /* SceneDelegate.swift */; };
		66ADEE07260BBDD200A7A866 /* ViewController.swift in Sources */ = {isa = PBXBuildFile; fileRef = 66ADEE06260BBDD200A7A866 /* ViewController.swift */; };
		66ADEE0A260BBDD200A7A866 /* Main.storyboard in Resources */ = {isa = PBXBuildFile; fileRef = 66ADEE08260BBDD200A7A866 /* Main.storyboard */; };
		66ADEE0C260BBDD500A7A866 /* Assets.xcassets in Resources */ = {isa = PBXBuildFile; fileRef = 66ADEE0B260BBDD500A7A866 /* Assets.xcassets */; };
		66ADEE0F260BBDD500A7A866 /* LaunchScreen.storyboard in Resources */ = {isa = PBXBuildFile; fileRef = 66ADEE0D260BBDD500A7A866 /* LaunchScreen.storyboard */; };
		66ADEE1A260BBDD500A7A866 /* ToDoAppTests.swift in Sources */ = {isa = PBXBuildFile; fileRef = 66ADEE19260BBDD500A7A866 /* ToDoAppTests.swift */; };
		66ADEE25260BBDD500A7A866 /* ToDoAppUITests.swift in Sources */ = {isa = PBXBuildFile; fileRef = 66ADEE24260BBDD500A7A866 /* ToDoAppUITests.swift */; };
/* End PBXBuildFile section */

/* Begin PBXContainerItemProxy section */
		66ADEE16260BBDD500A7A866 /* PBXContainerItemProxy */ = {
			isa = PBXContainerItemProxy;
			containerPortal = 66ADEDF7260BBDD200A7A866 /* Project object */;
			proxyType = 1;
			remoteGlobalIDString = 66ADEDFE260BBDD200A7A866;
			remoteInfo = ToDoApp;
		};
		66ADEE21260BBDD500A7A866 /* PBXContainerItemProxy */ = {
			isa = PBXContainerItemProxy;
			containerPortal = 66ADEDF7260BBDD200A7A866 /* Project object */;
			proxyType = 1;
			remoteGlobalIDString = 66ADEDFE260BBDD200A7A866;
			remoteInfo = ToDoApp;
		};
/* End PBXContainerItemProxy section */

/* Begin PBXFileReference section */
		66ADEDFF260BBDD200A7A866 /* ToDoApp.app */ = {isa = PBXFileReference; explicitFileType = wrapper.application; includeInIndex = 0; path = ToDoApp.app; sourceTree = BUILT_PRODUCTS_DIR; };
		66ADEE02260BBDD200A7A866 /* AppDelegate.swift */ = {isa = PBXFileReference; lastKnownFileType = sourcecode.swift; path = AppDelegate.swift; sourceTree = "<group>"; };
		66ADEE04260BBDD200A7A866 /* SceneDelegate.swift */ = {isa = PBXFileReference; lastKnownFileType = sourcecode.swift; path = SceneDelegate.swift; sourceTree = "<group>"; };
		66ADEE06260BBDD200A7A866 /* ViewController.swift */ = {isa = PBXFileReference; lastKnownFileType = sourcecode.swift; path = ViewController.swift; sourceTree = "<group>"; };
		66ADEE09260BBDD200A7A866 /* Base */ = {isa = PBXFileReference; lastKnownFileType = file.storyboard; name = Base; path = Base.lproj/Main.storyboard; sourceTree = "<group>"; };
		66ADEE0B260BBDD500A7A866 /* Assets.xcassets */ = {isa = PBXFileReference; lastKnownFileType = folder.assetcatalog; path = Assets.xcassets; sourceTree = "<group>"; };
		66ADEE0E260BBDD500A7A866 /* Base */ = {isa = PBXFileReference; lastKnownFileType = file.storyboard; name = Base; path = Base.lproj/LaunchScreen.storyboard; sourceTree = "<group>"; };
		66ADEE10260BBDD500A7A866 /* Info.plist */ = {isa = PBXFileReference; lastKnownFileType = text.plist.xml; path = Info.plist; sourceTree = "<group>"; };
		66ADEE15260BBDD500A7A866 /* ToDoAppTests.xctest */ = {isa = PBXFileReference; explicitFileType = wrapper.cfbundle; includeInIndex = 0; path = ToDoAppTests.xctest; sourceTree = BUILT_PRODUCTS_DIR; };
		66ADEE19260BBDD500A7A866 /* ToDoAppTests.swift */ = {isa = PBXFileReference; lastKnownFileType = sourcecode.swift; path = ToDoAppTests.swift; sourceTree = "<group>"; };
		66ADEE1B260BBDD500A7A866 /* Info.plist */ = {isa = PBXFileReference; lastKnownFileType = text.plist.xml; path = Info.plist; sourceTree = "<group>"; };
		66ADEE20260BBDD500A7A866 /* ToDoAppUITests.xctest */ = {isa = PBXFileReference; explicitFileType = wrapper.cfbundle; includeInIndex = 0; path = ToDoAppUITests.xctest; sourceTree = BUILT_PRODUCTS_DIR; };
		66ADEE24260BBDD500A7A866 /* ToDoAppUITests.swift */ = {isa = PBXFileReference; lastKnownFileType = sourcecode.swift; path = ToDoAppUITests.swift; sourceTree = "<group>"; };
		66ADEE26260BBDD500A7A866 /* Info.plist */ = {isa = PBXFileReference; lastKnownFileType = text.plist.xml; path = Info.plist; sourceTree = "<group>"; };
/* End PBXFileReference section */

/* Begin PBXFrameworksBuildPhase section */
		66ADEDFC260BBDD200A7A866 /* Frameworks */ = {
			isa = PBXFrameworksBuildPhase;
			buildActionMask = 2147483647;
			files = (
			);
			runOnlyForDeploymentPostprocessing = 0;
		};
		66ADEE12260BBDD500A7A866 /* Frameworks */ = {
			isa = PBXFrameworksBuildPhase;
			buildActionMask = 2147483647;
			files = (
			);
			runOnlyForDeploymentPostprocessing = 0;
		};
		66ADEE1D260BBDD500A7A866 /* Frameworks */ = {
			isa = PBXFrameworksBuildPhase;
			buildActionMask = 2147483647;
			files = (
			);
			runOnlyForDeploymentPostprocessing = 0;
		};
/* End PBXFrameworksBuildPhase section */

/* Begin PBXGroup section */
		66ADEDF6260BBDD200A7A866 = {
			isa = PBXGroup;
			children = (
				66ADEE01260BBDD200A7A866 /* ToDoApp */,
				66ADEE18260BBDD500A7A866 /* ToDoAppTests */,
				66ADEE23260BBDD500A7A866 /* ToDoAppUITests */,
				66ADEE00260BBDD200A7A866 /* Products */,
			);
			sourceTree = "<group>";
		};
		66ADEE00260BBDD200A7A866 /* Products */ = {
			isa = PBXGroup;
			children = (
				66ADEDFF260BBDD200A7A866 /* ToDoApp.app */,
				66ADEE15260BBDD500A7A866 /* ToDoAppTests.xctest */,
				66ADEE20260BBDD500A7A866 /* ToDoAppUITests.xctest */,
			);
			name = Products;
			sourceTree = "<group>";
		};
		66ADEE01260BBDD200A7A866 /* ToDoApp */ = {
			isa = PBXGroup;
			children = (
				66ADEE02260BBDD200A7A866 /* AppDelegate.swift */,
				66ADEE04260BBDD200A7A866 /* SceneDelegate.swift */,
				66ADEE06260BBDD200A7A866 /* ViewController.swift */,
				66ADEE08260BBDD200A7A866 /* Main.storyboard */,
				66ADEE0B260BBDD500A7A866 /* Assets.xcassets */,
				66ADEE0D260BBDD500A7A866 /* LaunchScreen.storyboard */,
				66ADEE10260BBDD500A7A866 /* Info.plist */,
			);
			path = ToDoApp;
			sourceTree = "<group>";
		};
		66ADEE18260BBDD500A7A866 /* ToDoAppTests */ = {
			isa = PBXGroup;
			children = (
				66ADEE19260BBDD500A7A866 /* ToDoAppTests.swift */,
				66ADEE1B260BBDD500A7A866 /* Info.plist */,
			);
			path = ToDoAppTests;
			sourceTree = "<group>";
		};
		66ADEE23260BBDD500A7A866 /* ToDoAppUITests */ = {
			isa = PBXGroup;
			children = (
				66ADEE24260BBDD500A7A866 /* ToDoAppUITests.swift */,
				66ADEE26260BBDD500A7A866 /* Info.plist */,
			);
			path = ToDoAppUITests;
			sourceTree = "<group>";
		};
/* End PBXGroup section */

/* Begin PBXNativeTarget section */
		66ADEDFE260BBDD200A7A866 /* ToDoApp */ = {
			isa = PBXNativeTarget;
			buildConfigurationList = 66ADEE29260BBDD500A7A866 /* Build configuration list for PBXNativeTarget "ToDoApp" */;
			buildPhases = (
				66ADEDFB260BBDD200A7A866 /* Sources */,
				66ADEDFC260BBDD200A7A866 /* Frameworks */,
				66ADEDFD260BBDD200A7A866 /* Resources */,
			);
			buildRules = (
			);
			dependencies = (
			);
			name = ToDoApp;
			productName = ToDoApp;
			productReference = 66ADEDFF260BBDD200A7A866 /* ToDoApp.app */;
			productType = "com.apple.product-type.application";
		};
		66ADEE14260BBDD500A7A866 /* ToDoAppTests */ = {
			isa = PBXNativeTarget;
			buildConfigurationList = 66ADEE2C260BBDD500A7A866 /* Build configuration list for PBXNativeTarget "ToDoAppTests" */;
			buildPhases = (
				66ADEE11260BBDD500A7A866 /* Sources */,
				66ADEE12260BBDD500A7A866 /* Frameworks */,
				66ADEE13260BBDD500A7A866 /* Resources */,
			);
			buildRules = (
			);
			dependencies = (
				66ADEE17260BBDD500A7A866 /* PBXTargetDependency */,
			);
			name = ToDoAppTests;
			productName = ToDoAppTests;
			productReference = 66ADEE15260BBDD500A7A866 /* ToDoAppTests.xctest */;
			productType = "com.apple.product-type.bundle.unit-test";
		};
		66ADEE1F260BBDD500A7A866 /* ToDoAppUITests */ = {
			isa = PBXNativeTarget;
			buildConfigurationList = 66ADEE2F260BBDD500A7A866 /* Build configuration list for PBXNativeTarget "ToDoAppUITests" */;
			buildPhases = (
				66ADEE1C260BBDD500A7A866 /* Sources */,
				66ADEE1D260BBDD500A7A866 /* Frameworks */,
				66ADEE1E260BBDD500A7A866 /* Resources */,
			);
			buildRules = (
			);
			dependencies = (
				66ADEE22260BBDD500A7A866 /* PBXTargetDependency */,
			);
			name = ToDoAppUITests;
			productName = ToDoAppUITests;
			productReference = 66ADEE20260BBDD500A7A866 /* ToDoAppUITests.xctest */;
			productType = "com.apple.product-type.bundle.ui-testing";
		};
/* End PBXNativeTarget section */

/* Begin PBXProject section */
		66ADEDF7260BBDD200A7A866 /* Project object */ = {
			isa = PBXProject;
			attributes = {
				LastSwiftUpdateCheck = 1240;
				LastUpgradeCheck = 1240;
				TargetAttributes = {
					66ADEDFE260BBDD200A7A866 = {
						CreatedOnToolsVersion = 12.4;
					};
					66ADEE14260BBDD500A7A866 = {
						CreatedOnToolsVersion = 12.4;
						TestTargetID = 66ADEDFE260BBDD200A7A866;
					};
					66ADEE1F260BBDD500A7A866 = {
						CreatedOnToolsVersion = 12.4;
						TestTargetID = 66ADEDFE260BBDD200A7A866;
					};
				};
			};
			buildConfigurationList = 66ADEDFA260BBDD200A7A866 /* Build configuration list for PBXProject "ToDoApp" */;
			compatibilityVersion = "Xcode 9.3";
			developmentRegion = en;
			hasScannedForEncodings = 0;
			knownRegions = (
				en,
				Base,
			);
			mainGroup = 66ADEDF6260BBDD200A7A866;
			productRefGroup = 66ADEE00260BBDD200A7A866 /* Products */;
			projectDirPath = "";
			projectRoot = "";
			targets = (
				66ADEDFE260BBDD200A7A866 /* ToDoApp */,
				66ADEE14260BBDD500A7A866 /* ToDoAppTests */,
				66ADEE1F260BBDD500A7A866 /* ToDoAppUITests */,
			);
		};
/* End PBXProject section */

/* Begin PBXResourcesBuildPhase section */
		66ADEDFD260BBDD200A7A866 /* Resources */ = {
			isa = PBXResourcesBuildPhase;
			buildActionMask = 2147483647;
			files = (
				66ADEE0F260BBDD500A7A866 /* LaunchScreen.storyboard in Resources */,
				66ADEE0C260BBDD500A7A866 /* Assets.xcassets in Resources */,
				66ADEE0A260BBDD200A7A866 /* Main.storyboard in Resources */,
			);
			runOnlyForDeploymentPostprocessing = 0;
		};
		66ADEE13260BBDD500A7A866 /* Resources */ = {
			isa = PBXResourcesBuildPhase;
			buildActionMask = 2147483647;
			files = (
			);
			runOnlyForDeploymentPostprocessing = 0;
		};
		66ADEE1E260BBDD500A7A866 /* Resources */ = {
			isa = PBXResourcesBuildPhase;
			buildActionMask = 2147483647;
			files = (
			);
			runOnlyForDeploymentPostprocessing = 0;
		};
/* End PBXResourcesBuildPhase section */

/* Begin PBXSourcesBuildPhase section */
		66ADEDFB260BBDD200A7A866 /* Sources */ = {
			isa = PBXSourcesBuildPhase;
			buildActionMask = 2147483647;
			files = (
				66ADEE07260BBDD200A7A866 /* ViewController.swift in Sources */,
				66ADEE03260BBDD200A7A866 /* AppDelegate.swift in Sources */,
				66ADEE05260BBDD200A7A866 /* SceneDelegate.swift in Sources */,
			);
			runOnlyForDeploymentPostprocessing = 0;
		};
		66ADEE11260BBDD500A7A866 /* Sources */ = {
			isa = PBXSourcesBuildPhase;
			buildActionMask = 2147483647;
			files = (
				66ADEE1A260BBDD500A7A866 /* ToDoAppTests.swift in Sources */,
			);
			runOnlyForDeploymentPostprocessing = 0;
		};
		66ADEE1C260BBDD500A7A866 /* Sources */ = {
			isa = PBXSourcesBuildPhase;
			buildActionMask = 2147483647;
			files = (
				66ADEE25260BBDD500A7A866 /* ToDoAppUITests.swift in Sources */,
			);
			runOnlyForDeploymentPostprocessing = 0;
		};
/* End PBXSourcesBuildPhase section */

/* Begin PBXTargetDependency section */
		66ADEE17260BBDD500A7A866 /* PBXTargetDependency */ = {
			isa = PBXTargetDependency;
			target = 66ADEDFE260BBDD200A7A866 /* ToDoApp */;
			targetProxy = 66ADEE16260BBDD500A7A866 /* PBXContainerItemProxy */;
		};
		66ADEE22260BBDD500A7A866 /* PBXTargetDependency */ = {
			isa = PBXTargetDependency;
			target = 66ADEDFE260BBDD200A7A866 /* ToDoApp */;
			targetProxy = 66ADEE21260BBDD500A7A866 /* PBXContainerItemProxy */;
		};
/* End PBXTargetDependency section */

/* Begin PBXVariantGroup section */
		66ADEE08260BBDD200A7A866 /* Main.storyboard */ = {
			isa = PBXVariantGroup;
			children = (
				66ADEE09260BBDD200A7A866 /* Base */,
			);
			name = Main.storyboard;
			sourceTree = "<group>";
		};
		66ADEE0D260BBDD500A7A866 /* LaunchScreen.storyboard */ = {
			isa = PBXVariantGroup;
			children = (
				66ADEE0E260BBDD500A7A866 /* Base */,
			);
			name = LaunchScreen.storyboard;
			sourceTree = "<group>";
		};
/* End PBXVariantGroup section */

/* Begin XCBuildConfiguration section */
		66ADEE27260BBDD500A7A866 /* Debug */ = {
			isa = XCBuildConfiguration;
			buildSettings = {
				ALWAYS_SEARCH_USER_PATHS = NO;
				CLANG_ANALYZER_NONNULL = YES;
				CLANG_ANALYZER_NUMBER_OBJECT_CONVERSION = YES_AGGRESSIVE;
				CLANG_CXX_LANGUAGE_STANDARD = "gnu++14";
				CLANG_CXX_LIBRARY = "libc++";
				CLANG_ENABLE_MODULES = YES;
				CLANG_ENABLE_OBJC_ARC = YES;
				CLANG_ENABLE_OBJC_WEAK = YES;
				CLANG_WARN_BLOCK_CAPTURE_AUTORELEASING = YES;
				CLANG_WARN_BOOL_CONVERSION = YES;
				CLANG_WARN_COMMA = YES;
				CLANG_WARN_CONSTANT_CONVERSION = YES;
				CLANG_WARN_DEPRECATED_OBJC_IMPLEMENTATIONS = YES;
				CLANG_WARN_DIRECT_OBJC_ISA_USAGE = YES_ERROR;
				CLANG_WARN_DOCUMENTATION_COMMENTS = YES;
				CLANG_WARN_EMPTY_BODY = YES;
				CLANG_WARN_ENUM_CONVERSION = YES;
				CLANG_WARN_INFINITE_RECURSION = YES;
				CLANG_WARN_INT_CONVERSION = YES;
				CLANG_WARN_NON_LITERAL_NULL_CONVERSION = YES;
				CLANG_WARN_OBJC_IMPLICIT_RETAIN_SELF = YES;
				CLANG_WARN_OBJC_LITERAL_CONVERSION = YES;
				CLANG_WARN_OBJC_ROOT_CLASS = YES_ERROR;
				CLANG_WARN_QUOTED_INCLUDE_IN_FRAMEWORK_HEADER = YES;
				CLANG_WARN_RANGE_LOOP_ANALYSIS = YES;
				CLANG_WARN_STRICT_PROTOTYPES = YES;
				CLANG_WARN_SUSPICIOUS_MOVE = YES;
				CLANG_WARN_UNGUARDED_AVAILABILITY = YES_AGGRESSIVE;
				CLANG_WARN_UNREACHABLE_CODE = YES;
				CLANG_WARN__DUPLICATE_METHOD_MATCH = YES;
				COPY_PHASE_STRIP = NO;
				DEBUG_INFORMATION_FORMAT = dwarf;
				ENABLE_STRICT_OBJC_MSGSEND = YES;
				ENABLE_TESTABILITY = YES;
				GCC_C_LANGUAGE_STANDARD = gnu11;
				GCC_DYNAMIC_NO_PIC = NO;
				GCC_NO_COMMON_BLOCKS = YES;
				GCC_OPTIMIZATION_LEVEL = 0;
				GCC_PREPROCESSOR_DEFINITIONS = (
					"DEBUG=1",
					"$(inherited)",
				);
				GCC_WARN_64_TO_32_BIT_CONVERSION = YES;
				GCC_WARN_ABOUT_RETURN_TYPE = YES_ERROR;
				GCC_WARN_UNDECLARED_SELECTOR = YES;
				GCC_WARN_UNINITIALIZED_AUTOS = YES_AGGRESSIVE;
				GCC_WARN_UNUSED_FUNCTION = YES;
				GCC_WARN_UNUSED_VARIABLE = YES;
				IPHONEOS_DEPLOYMENT_TARGET = 14.4;
				MTL_ENABLE_DEBUG_INFO = INCLUDE_SOURCE;
				MTL_FAST_MATH = YES;
				ONLY_ACTIVE_ARCH = YES;
				SDKROOT = iphoneos;
				SWIFT_ACTIVE_COMPILATION_CONDITIONS = DEBUG;
				SWIFT_OPTIMIZATION_LEVEL = "-Onone";
			};
			name = Debug;
		};
		66ADEE28260BBDD500A7A866 /* Release */ = {
			isa = XCBuildConfiguration;
			buildSettings = {
				ALWAYS_SEARCH_USER_PATHS = NO;
				CLANG_ANALYZER_NONNULL = YES;
				CLANG_ANALYZER_NUMBER_OBJECT_CONVERSION = YES_AGGRESSIVE;
				CLANG_CXX_LANGUAGE_STANDARD = "gnu++14";
				CLANG_CXX_LIBRARY = "libc++";
				CLANG_ENABLE_MODULES = YES;
				CLANG_ENABLE_OBJC_ARC = YES;
				CLANG_ENABLE_OBJC_WEAK = YES;
				CLANG_WARN_BLOCK_CAPTURE_AUTORELEASING = YES;
				CLANG_WARN_BOOL_CONVERSION = YES;
				CLANG_WARN_COMMA = YES;
				CLANG_WARN_CONSTANT_CONVERSION = YES;
				CLANG_WARN_DEPRECATED_OBJC_IMPLEMENTATIONS = YES;
				CLANG_WARN_DIRECT_OBJC_ISA_USAGE = YES_ERROR;
				CLANG_WARN_DOCUMENTATION_COMMENTS = YES;
				CLANG_WARN_EMPTY_BODY = YES;
				CLANG_WARN_ENUM_CONVERSION = YES;
				CLANG_WARN_INFINITE_RECURSION = YES;
				CLANG_WARN_INT_CONVERSION = YES;
				CLANG_WARN_NON_LITERAL_NULL_CONVERSION = YES;
				CLANG_WARN_OBJC_IMPLICIT_RETAIN_SELF = YES;
				CLANG_WARN_OBJC_LITERAL_CONVERSION = YES;
				CLANG_WARN_OBJC_ROOT_CLASS = YES_ERROR;
				CLANG_WARN_QUOTED_INCLUDE_IN_FRAMEWORK_HEADER = YES;
				CLANG_WARN_RANGE_LOOP_ANALYSIS = YES;
				CLANG_WARN_STRICT_PROTOTYPES = YES;
				CLANG_WARN_SUSPICIOUS_MOVE = YES;
				CLANG_WARN_UNGUARDED_AVAILABILITY = YES_AGGRESSIVE;
				CLANG_WARN_UNREACHABLE_CODE = YES;
				CLANG_WARN__DUPLICATE_METHOD_MATCH = YES;
				COPY_PHASE_STRIP = NO;
				DEBUG_INFORMATION_FORMAT = "dwarf-with-dsym";
				ENABLE_NS_ASSERTIONS = NO;
				ENABLE_STRICT_OBJC_MSGSEND = YES;
				GCC_C_LANGUAGE_STANDARD = gnu11;
				GCC_NO_COMMON_BLOCKS = YES;
				GCC_WARN_64_TO_32_BIT_CONVERSION = YES;
				GCC_WARN_ABOUT_RETURN_TYPE = YES_ERROR;
				GCC_WARN_UNDECLARED_SELECTOR = YES;
				GCC_WARN_UNINITIALIZED_AUTOS = YES_AGGRESSIVE;
				GCC_WARN_UNUSED_FUNCTION = YES;
				GCC_WARN_UNUSED_VARIABLE = YES;
				IPHONEOS_DEPLOYMENT_TARGET = 14.4;
				MTL_ENABLE_DEBUG_INFO = NO;
				MTL_FAST_MATH = YES;
				SDKROOT = iphoneos;
				SWIFT_COMPILATION_MODE = wholemodule;
				SWIFT_OPTIMIZATION_LEVEL = "-O";
				VALIDATE_PRODUCT = YES;
			};
			name = Release;
		};
		66ADEE2A260BBDD500A7A866 /* Debug */ = {
			isa = XCBuildConfiguration;
			buildSettings = {
				ASSETCATALOG_COMPILER_APPICON_NAME = AppIcon;
				ASSETCATALOG_COMPILER_GLOBAL_ACCENT_COLOR_NAME = AccentColor;
				CODE_SIGN_STYLE = Automatic;
				DEVELOPMENT_TEAM = 5GWB2H668N;
				INFOPLIST_FILE = ToDoApp/Info.plist;
				LD_RUNPATH_SEARCH_PATHS = (
					"$(inherited)",
					"@executable_path/Frameworks",
				);
				PRODUCT_BUNDLE_IDENTIFIER = ru.zamprog.ToDoApp;
				PRODUCT_NAME = "$(TARGET_NAME)";
				SWIFT_VERSION = 5.0;
				TARGETED_DEVICE_FAMILY = "1,2";
			};
			name = Debug;
		};
		66ADEE2B260BBDD500A7A866 /* Release */ = {
			isa = XCBuildConfiguration;
			buildSettings = {
				ASSETCATALOG_COMPILER_APPICON_NAME = AppIcon;
				ASSETCATALOG_COMPILER_GLOBAL_ACCENT_COLOR_NAME = AccentColor;
				CODE_SIGN_STYLE = Automatic;
				DEVELOPMENT_TEAM = 5GWB2H668N;
				INFOPLIST_FILE = ToDoApp/Info.plist;
				LD_RUNPATH_SEARCH_PATHS = (
					"$(inherited)",
					"@executable_path/Frameworks",
				);
				PRODUCT_BUNDLE_IDENTIFIER = ru.zamprog.ToDoApp;
				PRODUCT_NAME = "$(TARGET_NAME)";
				SWIFT_VERSION = 5.0;
				TARGETED_DEVICE_FAMILY = "1,2";
			};
			name = Release;
		};
		66ADEE2D260BBDD500A7A866 /* Debug */ = {
			isa = XCBuildConfiguration;
			buildSettings = {
				ALWAYS_EMBED_SWIFT_STANDARD_LIBRARIES = YES;
				BUNDLE_LOADER = "$(TEST_HOST)";
				CODE_SIGN_STYLE = Automatic;
				DEVELOPMENT_TEAM = 5GWB2H668N;
				INFOPLIST_FILE = ToDoAppTests/Info.plist;
				IPHONEOS_DEPLOYMENT_TARGET = 14.4;
				LD_RUNPATH_SEARCH_PATHS = (
					"$(inherited)",
					"@executable_path/Frameworks",
					"@loader_path/Frameworks",
				);
				PRODUCT_BUNDLE_IDENTIFIER = ru.zamprog.ToDoAppTests;
				PRODUCT_NAME = "$(TARGET_NAME)";
				SWIFT_VERSION = 5.0;
				TARGETED_DEVICE_FAMILY = "1,2";
				TEST_HOST = "$(BUILT_PRODUCTS_DIR)/ToDoApp.app/ToDoApp";
			};
			name = Debug;
		};
		66ADEE2E260BBDD500A7A866 /* Release */ = {
			isa = XCBuildConfiguration;
			buildSettings = {
				ALWAYS_EMBED_SWIFT_STANDARD_LIBRARIES = YES;
				BUNDLE_LOADER = "$(TEST_HOST)";
				CODE_SIGN_STYLE = Automatic;
				DEVELOPMENT_TEAM = 5GWB2H668N;
				INFOPLIST_FILE = ToDoAppTests/Info.plist;
				IPHONEOS_DEPLOYMENT_TARGET = 14.4;
				LD_RUNPATH_SEARCH_PATHS = (
					"$(inherited)",
					"@executable_path/Frameworks",
					"@loader_path/Frameworks",
				);
				PRODUCT_BUNDLE_IDENTIFIER = ru.zamprog.ToDoAppTests;
				PRODUCT_NAME = "$(TARGET_NAME)";
				SWIFT_VERSION = 5.0;
				TARGETED_DEVICE_FAMILY = "1,2";
				TEST_HOST = "$(BUILT_PRODUCTS_DIR)/ToDoApp.app/ToDoApp";
			};
			name = Release;
		};
		66ADEE30260BBDD500A7A866 /* Debug */ = {
			isa = XCBuildConfiguration;
			buildSettings = {
				ALWAYS_EMBED_SWIFT_STANDARD_LIBRARIES = YES;
				CODE_SIGN_STYLE = Automatic;
				DEVELOPMENT_TEAM = 5GWB2H668N;
				INFOPLIST_FILE = ToDoAppUITests/Info.plist;
				LD_RUNPATH_SEARCH_PATHS = (
					"$(inherited)",
					"@executable_path/Frameworks",
					"@loader_path/Frameworks",
				);
				PRODUCT_BUNDLE_IDENTIFIER = ru.zamprog.ToDoAppUITests;
				PRODUCT_NAME = "$(TARGET_NAME)";
				SWIFT_VERSION = 5.0;
				TARGETED_DEVICE_FAMILY = "1,2";
				TEST_TARGET_NAME = ToDoApp;
			};
			name = Debug;
		};
		66ADEE31260BBDD500A7A866 /* Release */ = {
			isa = XCBuildConfiguration;
			buildSettings = {
				ALWAYS_EMBED_SWIFT_STANDARD_LIBRARIES = YES;
				CODE_SIGN_STYLE = Automatic;
				DEVELOPMENT_TEAM = 5GWB2H668N;
				INFOPLIST_FILE = ToDoAppUITests/Info.plist;
				LD_RUNPATH_SEARCH_PATHS = (
					"$(inherited)",
					"@executable_path/Frameworks",
					"@loader_path/Frameworks",
				);
				PRODUCT_BUNDLE_IDENTIFIER = ru.zamprog.ToDoAppUITests;
				PRODUCT_NAME = "$(TARGET_NAME)";
				SWIFT_VERSION = 5.0;
				TARGETED_DEVICE_FAMILY = "1,2";
				TEST_TARGET_NAME = ToDoApp;
			};
			name = Release;
		};
/* End XCBuildConfiguration section */

/* Begin XCConfigurationList section */
		66ADEDFA260BBDD200A7A866 /* Build configuration list for PBXProject "ToDoApp" */ = {
			isa = XCConfigurationList;
			buildConfigurations = (
				66ADEE27260BBDD500A7A866 /* Debug */,
				66ADEE28260BBDD500A7A866 /* Release */,
			);
			defaultConfigurationIsVisible = 0;
			defaultConfigurationName = Release;
		};
		66ADEE29260BBDD500A7A866 /* Build configuration list for PBXNativeTarget "ToDoApp" */ = {
			isa = XCConfigurationList;
			buildConfigurations = (
				66ADEE2A260BBDD500A7A866 /* Debug */,
				66ADEE2B260BBDD500A7A866 /* Release */,
			);
			defaultConfigurationIsVisible = 0;
			defaultConfigurationName = Release;
		};
		66ADEE2C260BBDD500A7A866 /* Build configuration list for PBXNativeTarget "ToDoAppTests" */ = {
			isa = XCConfigurationList;
			buildConfigurations = (
				66ADEE2D260BBDD500A7A866 /* Debug */,
				66ADEE2E260BBDD500A7A866 /* Release */,
			);
			defaultConfigurationIsVisible = 0;
			defaultConfigurationName = Release;
		};
		66ADEE2F260BBDD500A7A866 /* Build configuration list for PBXNativeTarget "ToDoAppUITests" */ = {
			isa = XCConfigurationList;
			buildConfigurations = (
				66ADEE30260BBDD500A7A866 /* Debug */,
				66ADEE31260BBDD500A7A866 /* Release */,
			);
			defaultConfigurationIsVisible = 0;
			defaultConfigurationName = Release;
		};
/* End XCConfigurationList section */
	};
	rootObject = 66ADEDF7260BBDD200A7A866 /* Project object */;
}
